
Microsoft Visual Studio Solution File, Format Version 12.00
# Visual Studio Version 16
VisualStudioVersion = 16.0.31515.178
MinimumVisualStudioVersion = 10.0.40219.1
Project("{FAE04EC0-301F-11D3-BF4B-00C04F79EFBC}") = "LibraryManagement", "LibraryManagement\LibraryManagement.csproj", "{0CA8FAAE-BD42-468C-B993-99511C46EA56}"
EndProject
Global
	GlobalSection(SolutionConfigurationPlatforms) = preSolution
		Debug|Any CPU = Debug|Any CPU
		Release|Any CPU = Release|Any CPU
	EndGlobalSection
	GlobalSection(ProjectConfigurationPlatforms) = postSolution
		{0CA8FAAE-BD42-468C-B993-99511C46EA56}.Debug|Any CPU.ActiveCfg = Debug|Any CPU
		{0CA8FAAE-BD42-468C-B993-99511C46EA56}.Debug|Any CPU.Build.0 = Debug|Any CPU
		{0CA8FAAE-BD42-468C-B993-99511C46EA56}.Release|Any CPU.ActiveCfg = Release|Any CPU
		{0CA8FAAE-BD42-468C-B993-99511C46EA56}.Release|Any CPU.Build.0 = Release|Any CPU
	EndGlobalSection
	GlobalSection(SolutionProperties) = preSolution
		HideSolutionNode = FALSE
	EndGlobalSection
	GlobalSection(ExtensibilityGlobals) = postSolution
		SolutionGuid = {75369F0E-B57E-4B65-A97E-8DA095FF207A}
	EndGlobalSection
EndGlobal
